NeoBundleLock TweetVim c430324c5a7eb8f45592d18a5a3ab998d65bddc2
NeoBundleLock VimWordpress 0f68cd9a45ba1674757a34fe68c366b600c9ae10
NeoBundleLock bitly.vim cef05fe8b905e99c5746d8d6348e211d71f30064
NeoBundleLock gitv a73599c34202709eaa7da78f4fe32b97c6ef83f8
NeoBundleLock neobundle.vim 1306c131ff0a6cc094b7ff0727350e442b5427f1
NeoBundleLock neocomplcache 778181767467b8f8016828898779a646074d883a
NeoBundleLock neocomplete.vim f80bbf8f2f1717a127e5fbe885729daa862def81
NeoBundleLock open-browser.vim d6f1784685abdd86500fdb5fa2fbaf2aab833f18
NeoBundleLock previm d29cce267e0114ff852167c6fbf35b220dba764c
NeoBundleLock sudo.vim 060f0250d6f399d1cf9b15eaad3d55b3fbad4b0d
NeoBundleLock twibill.vim 1bd2ebe62bc331acac70c966cc6605476f2cefd4
NeoBundleLock twitvim 983915a294fa5df07297fab8fab535420431db5b
NeoBundleLock unite-outline 962aaa61d5585634c15c3a7071df7c6a12c5e3cd
NeoBundleLock unite.vim 787c777ff2fedd46fc10e315bdfea339fe016d33
NeoBundleLock vim-fugitive 511d3035d4da2453a9cb0188b6020ed7bc8fc18f
NeoBundleLock vim-hybrid cc58baabeabc7b83768e25b852bf89c34756bf90
NeoBundleLock vim-markdown 276524ed9c8aec415d3c6dbeec7c05fbd31c95ce
NeoBundleLock vim-quickrun c688f336a4aeb002319994f4fb4a8873f204f0ab
NeoBundleLock vim-table-mode 3476c4e517aa86bc131c707d32f2e508bd5be468
NeoBundleLock webapi-vim 10b8e926d85a3ab689c2966a3df1139bcb4e197f
